
Microsoft Visual Studio Solution File, Format Version 12.00
# Visual Studio 15
VisualStudioVersion = 15.0.26124.0
MinimumVisualStudioVersion = 15.0.26124.0
Project("{FAE04EC0-301F-11D3-BF4B-00C04F79EFBC}") = "API", "API\API.csproj", "{55382A83-BCDC-4D4F-8EF0-ECF3248425C9}"
EndProject
Project("{FAE04EC0-301F-11D3-BF4B-00C04F79EFBC}") = "Core", "Core\Core.csproj", "{A3CA6AC7-032E-4A6C-98CA-413E13DD8544}"
EndProject
Project("{FAE04EC0-301F-11D3-BF4B-00C04F79EFBC}") = "Infrastructure", "Infrastructure\Infrastructure.csproj", "{DBE4F9BD-91B8-4356-B16B-89AF54871662}"
EndProject
Global
	GlobalSection(SolutionConfigurationPlatforms) = preSolution
		Debug|Any CPU = Debug|Any CPU
		Debug|x64 = Debug|x64
		Debug|x86 = Debug|x86
		Release|Any CPU = Release|Any CPU
		Release|x64 = Release|x64
		Release|x86 = Release|x86
	EndGlobalSection
	GlobalSection(SolutionProperties) = preSolution
		HideSolutionNode = FALSE
	EndGlobalSection
	GlobalSection(ProjectConfigurationPlatforms) = postSolution
		{55382A83-BCDC-4D4F-8EF0-ECF3248425C9}.Debug|Any CPU.ActiveCfg = Debug|Any CPU
		{55382A83-BCDC-4D4F-8EF0-ECF3248425C9}.Debug|Any CPU.Build.0 = Debug|Any CPU
		{55382A83-BCDC-4D4F-8EF0-ECF3248425C9}.Debug|x64.ActiveCfg = Debug|Any CPU
		{55382A83-BCDC-4D4F-8EF0-ECF3248425C9}.Debug|x64.Build.0 = Debug|Any CPU
		{55382A83-BCDC-4D4F-8EF0-ECF3248425C9}.Debug|x86.ActiveCfg = Debug|Any CPU
		{55382A83-BCDC-4D4F-8EF0-ECF3248425C9}.Debug|x86.Build.0 = Debug|Any CPU
		{55382A83-BCDC-4D4F-8EF0-ECF3248425C9}.Release|Any CPU.ActiveCfg = Release|Any CPU
		{55382A83-BCDC-4D4F-8EF0-ECF3248425C9}.Release|Any CPU.Build.0 = Release|Any CPU
		{55382A83-BCDC-4D4F-8EF0-ECF3248425C9}.Release|x64.ActiveCfg = Release|Any CPU
		{55382A83-BCDC-4D4F-8EF0-ECF3248425C9}.Release|x64.Build.0 = Release|Any CPU
		{55382A83-BCDC-4D4F-8EF0-ECF3248425C9}.Release|x86.ActiveCfg = Release|Any CPU
		{55382A83-BCDC-4D4F-8EF0-ECF3248425C9}.Release|x86.Build.0 = Release|Any CPU
		{A3CA6AC7-032E-4A6C-98CA-413E13DD8544}.Debug|Any CPU.ActiveCfg = Debug|Any CPU
		{A3CA6AC7-032E-4A6C-98CA-413E13DD8544}.Debug|Any CPU.Build.0 = Debug|Any CPU
		{A3CA6AC7-032E-4A6C-98CA-413E13DD8544}.Debug|x64.ActiveCfg = Debug|Any CPU
		{A3CA6AC7-032E-4A6C-98CA-413E13DD8544}.Debug|x64.Build.0 = Debug|Any CPU
		{A3CA6AC7-032E-4A6C-98CA-413E13DD8544}.Debug|x86.ActiveCfg = Debug|Any CPU
		{A3CA6AC7-032E-4A6C-98CA-413E13DD8544}.Debug|x86.Build.0 = Debug|Any CPU
		{A3CA6AC7-032E-4A6C-98CA-413E13DD8544}.Release|Any CPU.ActiveCfg = Release|Any CPU
		{A3CA6AC7-032E-4A6C-98CA-413E13DD8544}.Release|Any CPU.Build.0 = Release|Any CPU
		{A3CA6AC7-032E-4A6C-98CA-413E13DD8544}.Release|x64.ActiveCfg = Release|Any CPU
		{A3CA6AC7-032E-4A6C-98CA-413E13DD8544}.Release|x64.Build.0 = Release|Any CPU
		{A3CA6AC7-032E-4A6C-98CA-413E13DD8544}.Release|x86.ActiveCfg = Release|Any CPU
		{A3CA6AC7-032E-4A6C-98CA-413E13DD8544}.Release|x86.Build.0 = Release|Any CPU
		{DBE4F9BD-91B8-4356-B16B-89AF54871662}.Debug|Any CPU.ActiveCfg = Debug|Any CPU
		{DBE4F9BD-91B8-4356-B16B-89AF54871662}.Debug|Any CPU.Build.0 = Debug|Any CPU
		{DBE4F9BD-91B8-4356-B16B-89AF54871662}.Debug|x64.ActiveCfg = Debug|Any CPU
		{DBE4F9BD-91B8-4356-B16B-89AF54871662}.Debug|x64.Build.0 = Debug|Any CPU
		{DBE4F9BD-91B8-4356-B16B-89AF54871662}.Debug|x86.ActiveCfg = Debug|Any CPU
		{DBE4F9BD-91B8-4356-B16B-89AF54871662}.Debug|x86.Build.0 = Debug|Any CPU
		{DBE4F9BD-91B8-4356-B16B-89AF54871662}.Release|Any CPU.ActiveCfg = Release|Any CPU
		{DBE4F9BD-91B8-4356-B16B-89AF54871662}.Release|Any CPU.Build.0 = Release|Any CPU
		{DBE4F9BD-91B8-4356-B16B-89AF54871662}.Release|x64.ActiveCfg = Release|Any CPU
		{DBE4F9BD-91B8-4356-B16B-89AF54871662}.Release|x64.Build.0 = Release|Any CPU
		{DBE4F9BD-91B8-4356-B16B-89AF54871662}.Release|x86.ActiveCfg = Release|Any CPU
		{DBE4F9BD-91B8-4356-B16B-89AF54871662}.Release|x86.Build.0 = Release|Any CPU
	EndGlobalSection
EndGlobal
